
Microsoft Visual Studio Solution File, Format Version 12.00
# Visual Studio 15
Project("{FAE04EC0-301F-11D3-BF4B-00C04F79EFBC}") = "S3", "Assembly-CSharp.csproj", "{73FAF3C8-BE4F-6626-DA10-62DE71FA2A6E}"
EndProject
Project("{FAE04EC0-301F-11D3-BF4B-00C04F79EFBC}") = "S3", "Assembly-CSharp-Editor.csproj", "{52D8065A-142C-8E69-A3C9-40066E2A4D1C}"
EndProject
Global
	GlobalSection(SolutionConfigurationPlatforms) = preSolution
		Debug|Any CPU = Debug|Any CPU
		Release|Any CPU = Release|Any CPU
	EndGlobalSection
	GlobalSection(ProjectConfigurationPlatforms) = postSolution
		{73FAF3C8-BE4F-6626-DA10-62DE71FA2A6E}.Debug|Any CPU.ActiveCfg = Debug|Any CPU
		{73FAF3C8-BE4F-6626-DA10-62DE71FA2A6E}.Debug|Any CPU.Build.0 = Debug|Any CPU
		{73FAF3C8-BE4F-6626-DA10-62DE71FA2A6E}.Release|Any CPU.ActiveCfg = Release|Any CPU
		{73FAF3C8-BE4F-6626-DA10-62DE71FA2A6E}.Release|Any CPU.Build.0 = Release|Any CPU
		{52D8065A-142C-8E69-A3C9-40066E2A4D1C}.Debug|Any CPU.ActiveCfg = Debug|Any CPU
		{52D8065A-142C-8E69-A3C9-40066E2A4D1C}.Debug|Any CPU.Build.0 = Debug|Any CPU
		{52D8065A-142C-8E69-A3C9-40066E2A4D1C}.Release|Any CPU.ActiveCfg = Release|Any CPU
		{52D8065A-142C-8E69-A3C9-40066E2A4D1C}.Release|Any CPU.Build.0 = Release|Any CPU
	EndGlobalSection
	GlobalSection(SolutionProperties) = preSolution
		HideSolutionNode = FALSE
	EndGlobalSection
EndGlobal
